{
  "name": "epic.provider",
  "version": "2.0.0",
  "lockfileVersion": 1,
  "dependencies": {
    "@types/bson": {
      "version": "http://registry.npm.taobao.org/@types/bson/download/@types/bson-1.0.3.tgz",
      "integrity": "sha1-bCbwh2v52Muwbt1AGeKTVL86A+A=",
      "dev": true
    },
    "@types/mongodb": {
      "version": "2.2.6",
      "resolved": "http://registry.npm.taobao.org/@types/mongodb/download/@types/mongodb-2.2.6.tgz",
      "integrity": "sha1-zXy0xDkhmvHfulhg0wLurysKE+Q=",
      "dev": true
    },
    "@types/node": {
      "version": "8.0.2",
      "resolved": "http://registry.npm.taobao.org/@types/node/download/@types/node-8.0.2.tgz",
      "integrity": "sha1-irlFbvuH1X8R0E8xPT2hBBlI+00=",
      "dev": true
    },
    "@types/reflect-metadata": {
      "version": "http://registry.npm.taobao.org/@types/reflect-metadata/download/@types/reflect-metadata-0.0.5.tgz",
      "integrity": "sha1-nAQr+pgD1Xeq1PV9+8pLfK5Chv4=",
      "dev": true
    },
    "reflect-metadata": {
      "version": "https://registry.npm.taobao.org/reflect-metadata/download/reflect-metadata-0.1.10.tgz",
      "integrity": "sha1-tPg3BEFqytiZiMmxVjXUfgO5NEo="
    }
  }
}
